
Microsoft Visual Studio Solution File, Format Version 12.00
# Visual Studio Version 16
VisualStudioVersion = 16.0.29201.188
MinimumVisualStudioVersion = 10.0.40219.1
Project("{9A19103F-16F7-4668-BE54-9A1E7A4F7556}") = "OnlineShop.BLL", "OnlineShop.BLL\OnlineShop.BLL.csproj", "{6EDFD793-5DC1-437D-978E-EB980A7A176D}"
EndProject
Project("{9A19103F-16F7-4668-BE54-9A1E7A4F7556}") = "OnlineShop.DAL", "OnlineShop.DAL\OnlineShop.DAL.csproj", "{8E2F14D4-48F8-4331-9059-35FEDB403ECA}"
EndProject
Project("{9A19103F-16F7-4668-BE54-9A1E7A4F7556}") = "OnlineShop.Interfaces", "OnlineShop.Interfaces\OnlineShop.Interfaces.csproj", "{B9873FF1-722B-4F3D-8934-8D975430C790}"
EndProject
Project("{9A19103F-16F7-4668-BE54-9A1E7A4F7556}") = "OnlineShop.WebApi", "OnlineShop.WebApi\OnlineShop.WebApi.csproj", "{BDED519B-DBA2-4D7E-AFC4-89CDB8A54F05}"
EndProject
Project("{FAE04EC0-301F-11D3-BF4B-00C04F79EFBC}") = "OnlineShop.Tests", "OnlineShop.Tests\OnlineShop.Tests.csproj", "{68356B48-2445-4C5C-B623-1BF470003491}"
EndProject
Global
	GlobalSection(SolutionConfigurationPlatforms) = preSolution
		Debug|Any CPU = Debug|Any CPU
		Release|Any CPU = Release|Any CPU
	EndGlobalSection
	GlobalSection(ProjectConfigurationPlatforms) = postSolution
		{6EDFD793-5DC1-437D-978E-EB980A7A176D}.Debug|Any CPU.ActiveCfg = Debug|Any CPU
		{6EDFD793-5DC1-437D-978E-EB980A7A176D}.Debug|Any CPU.Build.0 = Debug|Any CPU
		{6EDFD793-5DC1-437D-978E-EB980A7A176D}.Release|Any CPU.ActiveCfg = Release|Any CPU
		{6EDFD793-5DC1-437D-978E-EB980A7A176D}.Release|Any CPU.Build.0 = Release|Any CPU
		{8E2F14D4-48F8-4331-9059-35FEDB403ECA}.Debug|Any CPU.ActiveCfg = Debug|Any CPU
		{8E2F14D4-48F8-4331-9059-35FEDB403ECA}.Debug|Any CPU.Build.0 = Debug|Any CPU
		{8E2F14D4-48F8-4331-9059-35FEDB403ECA}.Release|Any CPU.ActiveCfg = Release|Any CPU
		{8E2F14D4-48F8-4331-9059-35FEDB403ECA}.Release|Any CPU.Build.0 = Release|Any CPU
		{B9873FF1-722B-4F3D-8934-8D975430C790}.Debug|Any CPU.ActiveCfg = Debug|Any CPU
		{B9873FF1-722B-4F3D-8934-8D975430C790}.Debug|Any CPU.Build.0 = Debug|Any CPU
		{B9873FF1-722B-4F3D-8934-8D975430C790}.Release|Any CPU.ActiveCfg = Release|Any CPU
		{B9873FF1-722B-4F3D-8934-8D975430C790}.Release|Any CPU.Build.0 = Release|Any CPU
		{BDED519B-DBA2-4D7E-AFC4-89CDB8A54F05}.Debug|Any CPU.ActiveCfg = Debug|Any CPU
		{BDED519B-DBA2-4D7E-AFC4-89CDB8A54F05}.Debug|Any CPU.Build.0 = Debug|Any CPU
		{BDED519B-DBA2-4D7E-AFC4-89CDB8A54F05}.Release|Any CPU.ActiveCfg = Release|Any CPU
		{BDED519B-DBA2-4D7E-AFC4-89CDB8A54F05}.Release|Any CPU.Build.0 = Release|Any CPU
		{68356B48-2445-4C5C-B623-1BF470003491}.Debug|Any CPU.ActiveCfg = Debug|Any CPU
		{68356B48-2445-4C5C-B623-1BF470003491}.Debug|Any CPU.Build.0 = Debug|Any CPU
		{68356B48-2445-4C5C-B623-1BF470003491}.Release|Any CPU.ActiveCfg = Release|Any CPU
		{68356B48-2445-4C5C-B623-1BF470003491}.Release|Any CPU.Build.0 = Release|Any CPU
	EndGlobalSection
	GlobalSection(SolutionProperties) = preSolution
		HideSolutionNode = FALSE
	EndGlobalSection
	GlobalSection(ExtensibilityGlobals) = postSolution
		SolutionGuid = {CE99F302-B71F-4B80-8CF1-014C60784294}
	EndGlobalSection
EndGlobal
